Microsoft Visual Studio Solution File, Format Version 12.00
# Visual Studio 15
VisualStudioVersion = 15.0.26228.9
MinimumVisualStudioVersion = 10.0.40219.1
Project("{2150E333-8FDC-42A3-9474-1A3956D46DE8}") = "stuff", "stuff", "{1ABDD7C1-1F8D-402D-8692-3E4B66962DE0}"
	ProjectSection(SolutionItems) = preProject
		CHANGELOG.md = CHANGELOG.md
		CONTRIBUTING.md = CONTRIBUTING.md
		LICENSE.md = LICENSE.md
		README.md = README.md
	EndProjectSection
EndProject
Project("{FAE04EC0-301F-11D3-BF4B-00C04F79EFBC}") = "Rebus.Msmq", "Rebus.Msmq\Rebus.Msmq.csproj", "{F1AE1512-8301-4C47-8C15-DE7872A03BEB}"
EndProject
Project("{FAE04EC0-301F-11D3-BF4B-00C04F79EFBC}") = "Rebus.Msmq.Tests", "Rebus.Msmq.Tests\Rebus.Msmq.Tests.csproj", "{B24E4FB3-EC54-46B9-8CE9-DD1292D0E1D3}"
EndProject
Global
	GlobalSection(SolutionConfigurationPlatforms) = preSolution
		Debug|Any CPU = Debug|Any CPU
		Release|Any CPU = Release|Any CPU
	EndGlobalSection
	GlobalSection(ProjectConfigurationPlatforms) = postSolution
		{F1AE1512-8301-4C47-8C15-DE7872A03BEB}.Debug|Any CPU.ActiveCfg = Debug|Any CPU
		{F1AE1512-8301-4C47-8C15-DE7872A03BEB}.Debug|Any CPU.Build.0 = Debug|Any CPU
		{F1AE1512-8301-4C47-8C15-DE7872A03BEB}.Release|Any CPU.ActiveCfg = Release|Any CPU
		{F1AE1512-8301-4C47-8C15-DE7872A03BEB}.Release|Any CPU.Build.0 = Release|Any CPU
		{B24E4FB3-EC54-46B9-8CE9-DD1292D0E1D3}.Debug|Any CPU.ActiveCfg = Debug|Any CPU
		{B24E4FB3-EC54-46B9-8CE9-DD1292D0E1D3}.Debug|Any CPU.Build.0 = Debug|Any CPU
		{B24E4FB3-EC54-46B9-8CE9-DD1292D0E1D3}.Release|Any CPU.ActiveCfg = Release|Any CPU
		{B24E4FB3-EC54-46B9-8CE9-DD1292D0E1D3}.Release|Any CPU.Build.0 = Release|Any CPU
	EndGlobalSection
	GlobalSection(SolutionProperties) = preSolution
		HideSolutionNode = FALSE
	EndGlobalSection
EndGlobal
